
Microsoft Visual Studio Solution File, Format Version 12.00
# Visual Studio Version 17
VisualStudioVersion = 17.9.34723.18
MinimumVisualStudioVersion = 10.0.40219.1
Project("{9A19103F-16F7-4668-BE54-9A1E7A4F7556}") = "IdentityServer", "IdentityServer\IdentityServer.csproj", "{F49097D7-7727-4497-8620-EFB0CFC9F5DD}"
EndProject
Project("{9A19103F-16F7-4668-BE54-9A1E7A4F7556}") = "WebApplication1", "WebApplication1\WebApplication1.csproj", "{AB70C928-2A27-40AF-B439-282C7E797839}"
EndProject
Project("{9A19103F-16F7-4668-BE54-9A1E7A4F7556}") = "Client1", "Client1\Client1.csproj", "{903E64EB-F9D9-40E6-B6C1-7EBCDC7766C2}"
EndProject
Project("{FAE04EC0-301F-11D3-BF4B-00C04F79EFBC}") = "Client2", "Client2\Client2.csproj", "{48C05984-0F43-42BF-94DA-B76F650D15F9}"
EndProject
Global
	GlobalSection(SolutionConfigurationPlatforms) = preSolution
		Debug|Any CPU = Debug|Any CPU
		Release|Any CPU = Release|Any CPU
	EndGlobalSection
	GlobalSection(ProjectConfigurationPlatforms) = postSolution
		{F49097D7-7727-4497-8620-EFB0CFC9F5DD}.Debug|Any CPU.ActiveCfg = Debug|Any CPU
		{F49097D7-7727-4497-8620-EFB0CFC9F5DD}.Debug|Any CPU.Build.0 = Debug|Any CPU
		{F49097D7-7727-4497-8620-EFB0CFC9F5DD}.Release|Any CPU.ActiveCfg = Release|Any CPU
		{F49097D7-7727-4497-8620-EFB0CFC9F5DD}.Release|Any CPU.Build.0 = Release|Any CPU
		{AB70C928-2A27-40AF-B439-282C7E797839}.Debug|Any CPU.ActiveCfg = Debug|Any CPU
		{AB70C928-2A27-40AF-B439-282C7E797839}.Debug|Any CPU.Build.0 = Debug|Any CPU
		{AB70C928-2A27-40AF-B439-282C7E797839}.Release|Any CPU.ActiveCfg = Release|Any CPU
		{AB70C928-2A27-40AF-B439-282C7E797839}.Release|Any CPU.Build.0 = Release|Any CPU
		{903E64EB-F9D9-40E6-B6C1-7EBCDC7766C2}.Debug|Any CPU.ActiveCfg = Debug|Any CPU
		{903E64EB-F9D9-40E6-B6C1-7EBCDC7766C2}.Debug|Any CPU.Build.0 = Debug|Any CPU
		{903E64EB-F9D9-40E6-B6C1-7EBCDC7766C2}.Release|Any CPU.ActiveCfg = Release|Any CPU
		{903E64EB-F9D9-40E6-B6C1-7EBCDC7766C2}.Release|Any CPU.Build.0 = Release|Any CPU
		{48C05984-0F43-42BF-94DA-B76F650D15F9}.Debug|Any CPU.ActiveCfg = Debug|Any CPU
		{48C05984-0F43-42BF-94DA-B76F650D15F9}.Debug|Any CPU.Build.0 = Debug|Any CPU
		{48C05984-0F43-42BF-94DA-B76F650D15F9}.Release|Any CPU.ActiveCfg = Release|Any CPU
		{48C05984-0F43-42BF-94DA-B76F650D15F9}.Release|Any CPU.Build.0 = Release|Any CPU
	EndGlobalSection
	GlobalSection(SolutionProperties) = preSolution
		HideSolutionNode = FALSE
	EndGlobalSection
	GlobalSection(ExtensibilityGlobals) = postSolution
		SolutionGuid = {AD96A8E9-299E-4821-93B1-E0ACB45D383C}
	EndGlobalSection
EndGlobal
